
Microsoft Visual Studio Solution File, Format Version 12.00
# Visual Studio Version 17
VisualStudioVersion = 17.8.34330.188
MinimumVisualStudioVersion = 10.0.40219.1
Project("{9A19103F-16F7-4668-BE54-9A1E7A4F7556}") = "PrimeFactorsLib", ".\PrimeFactorsLib\PrimeFactorsLib.csproj", "{163FDDF4-F191-410F-B342-530BE068CB83}"
EndProject
Project("{9A19103F-16F7-4668-BE54-9A1E7A4F7556}") = "PrimeFactorsTests", ".\PrimeFactorsTest\PrimeFactorsTests.csproj", "{4BC99575-6477-462E-9B84-C54BD595937F}"
EndProject
Project("{9A19103F-16F7-4668-BE54-9A1E7A4F7556}") = "PrimeMain", "PrimeMain\PrimeMain.csproj", "{62CBDE01-6BF2-4E64-8185-ECA12B397BF7}"
EndProject
Global
	GlobalSection(SolutionConfigurationPlatforms) = preSolution
		Debug|Any CPU = Debug|Any CPU
		Release|Any CPU = Release|Any CPU
	EndGlobalSection
	GlobalSection(ProjectConfigurationPlatforms) = postSolution
		{163FDDF4-F191-410F-B342-530BE068CB83}.Debug|Any CPU.ActiveCfg = Debug|Any CPU
		{163FDDF4-F191-410F-B342-530BE068CB83}.Debug|Any CPU.Build.0 = Debug|Any CPU
		{163FDDF4-F191-410F-B342-530BE068CB83}.Release|Any CPU.ActiveCfg = Release|Any CPU
		{163FDDF4-F191-410F-B342-530BE068CB83}.Release|Any CPU.Build.0 = Release|Any CPU
		{4BC99575-6477-462E-9B84-C54BD595937F}.Debug|Any CPU.ActiveCfg = Debug|Any CPU
		{4BC99575-6477-462E-9B84-C54BD595937F}.Debug|Any CPU.Build.0 = Debug|Any CPU
		{4BC99575-6477-462E-9B84-C54BD595937F}.Release|Any CPU.ActiveCfg = Release|Any CPU
		{4BC99575-6477-462E-9B84-C54BD595937F}.Release|Any CPU.Build.0 = Release|Any CPU
		{62CBDE01-6BF2-4E64-8185-ECA12B397BF7}.Debug|Any CPU.ActiveCfg = Debug|Any CPU
		{62CBDE01-6BF2-4E64-8185-ECA12B397BF7}.Debug|Any CPU.Build.0 = Debug|Any CPU
		{62CBDE01-6BF2-4E64-8185-ECA12B397BF7}.Release|Any CPU.ActiveCfg = Release|Any CPU
		{62CBDE01-6BF2-4E64-8185-ECA12B397BF7}.Release|Any CPU.Build.0 = Release|Any CPU
	EndGlobalSection
	GlobalSection(SolutionProperties) = preSolution
		HideSolutionNode = FALSE
	EndGlobalSection
	GlobalSection(ExtensibilityGlobals) = postSolution
		SolutionGuid = {0ABE135A-C251-4117-AB44-3E37A28CCDE5}
	EndGlobalSection
EndGlobal
